
Microsoft Visual Studio Solution File, Format Version 12.00
# Visual Studio Version 16
VisualStudioVersion = 16.0.30503.244
MinimumVisualStudioVersion = 10.0.40219.1
Project("{FAE04EC0-301F-11D3-BF4B-00C04F79EFBC}") = "WebApiInMVC1", "WebApiInMVC1\WebApiInMVC1.csproj", "{E82F72D1-BF8B-4769-A7F7-32BFAB9D63D1}"
EndProject
Project("{FAE04EC0-301F-11D3-BF4B-00C04F79EFBC}") = "MVC", "MVC\MVC.csproj", "{538918D7-A049-44D9-88C7-DD50292702DB}"
EndProject
Global
	GlobalSection(SolutionConfigurationPlatforms) = preSolution
		Debug|Any CPU = Debug|Any CPU
		Release|Any CPU = Release|Any CPU
	EndGlobalSection
	GlobalSection(ProjectConfigurationPlatforms) = postSolution
		{E82F72D1-BF8B-4769-A7F7-32BFAB9D63D1}.Debug|Any CPU.ActiveCfg = Debug|Any CPU
		{E82F72D1-BF8B-4769-A7F7-32BFAB9D63D1}.Debug|Any CPU.Build.0 = Debug|Any CPU
		{E82F72D1-BF8B-4769-A7F7-32BFAB9D63D1}.Release|Any CPU.ActiveCfg = Release|Any CPU
		{E82F72D1-BF8B-4769-A7F7-32BFAB9D63D1}.Release|Any CPU.Build.0 = Release|Any CPU
		{538918D7-A049-44D9-88C7-DD50292702DB}.Debug|Any CPU.ActiveCfg = Debug|Any CPU
		{538918D7-A049-44D9-88C7-DD50292702DB}.Debug|Any CPU.Build.0 = Debug|Any CPU
		{538918D7-A049-44D9-88C7-DD50292702DB}.Release|Any CPU.ActiveCfg = Release|Any CPU
		{538918D7-A049-44D9-88C7-DD50292702DB}.Release|Any CPU.Build.0 = Release|Any CPU
	EndGlobalSection
	GlobalSection(SolutionProperties) = preSolution
		HideSolutionNode = FALSE
	EndGlobalSection
	GlobalSection(ExtensibilityGlobals) = postSolution
		SolutionGuid = {599B78EC-B0E7-4369-AB68-257DE265C54A}
	EndGlobalSection
EndGlobal
